PODS:
  - AMap3DMap (6.9.0):
    - AMapFoundation (~> 1.5)
  - amap_core_fluttify (0.0.1):
    - AMapFoundation (~> 1.6)
    - Flutter
    - foundation_fluttify
  - amap_map_fluttify (0.0.1):
    - AMap3DMap (~> 6.9.0)
    - amap_core_fluttify
    - Flutter
    - foundation_fluttify
    - url_launcher
  - AMapFoundation (1.6.3)
  - city_pickers (0.0.1):
    - Flutter
  - core_location_fluttify (0.0.1):
    - Flutter
  - Flutter (1.0.0)
  - flutter_qr_bar_scanner (0.0.1):
    - Flutter
    - GoogleMobileVision/BarcodeDetector
  - flutter_splash_screen (0.0.1):
    - Flutter
  - flutter_statusbarcolor (0.0.1):
    - Flutter
  - FMDB (2.7.5):
    - FMDB/standard (= 2.7.5)
  - FMDB/standard (2.7.5)
  - foundation_fluttify (0.0.1):
    - Flutter
  - GoogleMobileVision/BarcodeDetector (1.6.0):
    - GoogleMobileVision/Detector (~> 1.6)
  - GoogleMobileVision/Detector (1.6.0):
    - GoogleToolboxForMac/Logger (~> 2.1)
    - "GoogleToolboxForMac/NSData+zlib (~> 2.1)"
    - GTMSessionFetcher/Core (~> 1.1)
    - Protobuf (~> 3.1)
  - GoogleToolboxForMac/Defines (2.2.2)
  - GoogleToolboxForMac/Logger (2.2.2):
    - GoogleToolboxForMac/Defines (= 2.2.2)
  - "GoogleToolboxForMac/NSData+zlib (2.2.2)":
    - GoogleToolboxForMac/Defines (= 2.2.2)
  - GTMSessionFetcher/Core (1.4.0)
  - native_device_orientation (0.0.1):
    - Flutter
  - orientation (0.0.1):
    - Flutter
  - path_provider (0.0.1):
    - Flutter
  - path_provider_linux (0.0.1):
    - Flutter
  - path_provider_macos (0.0.1):
    - Flutter
  - permission_handler (3.3.0):
    - Flutter
  - Protobuf (3.12.0)
  - qrcode (0.0.1):
    - Flutter
  - shared_preferences (0.0.1):
    - Flutter
  - shared_preferences_linux (0.0.1):
    - Flutter
  - shared_preferences_macos (0.0.1):
    - Flutter
  - shared_preferences_web (0.0.1):
    - Flutter
  - sqflite (0.0.1):
    - Flutter
    - FMDB (~> 2.7.2)
  - url_launcher (0.0.1):
    - Flutter
  - url_launcher_linux (0.0.1):
    - Flutter
  - url_launcher_macos (0.0.1):
    - Flutter
  - url_launcher_web (0.0.1):
    - Flutter
  - vibration (1.4.0):
    - Flutter
  - webview_flutter (0.0.1):
    - Flutter

DEPENDENCIES:
  - amap_core_fluttify (from `.symlinks/plugins/amap_core_fluttify/ios`)
  - amap_map_fluttify (from `.symlinks/plugins/amap_map_fluttify/ios`)
  - city_pickers (from `.symlinks/plugins/city_pickers/ios`)
  - core_location_fluttify (from `.symlinks/plugins/core_location_fluttify/ios`)
  - Flutter (from `Flutter`)
  - flutter_qr_bar_scanner (from `.symlinks/plugins/flutter_qr_bar_scanner/ios`)
  - flutter_splash_screen (from `.symlinks/plugins/flutter_splash_screen/ios`)
  - flutter_statusbarcolor (from `.symlinks/plugins/flutter_statusbarcolor/ios`)
  - foundation_fluttify (from `.symlinks/plugins/foundation_fluttify/ios`)
  - native_device_orientation (from `.symlinks/plugins/native_device_orientation/ios`)
  - orientation (from `.symlinks/plugins/orientation/ios`)
  - path_provider (from `.symlinks/plugins/path_provider/ios`)
  - path_provider_linux (from `.symlinks/plugins/path_provider_linux/ios`)
  - path_provider_macos (from `.symlinks/plugins/path_provider_macos/ios`)
  - permission_handler (from `.symlinks/plugins/permission_handler/ios`)
  - qrcode (from `.symlinks/plugins/qrcode/ios`)
  - shared_preferences (from `.symlinks/plugins/shared_preferences/ios`)
  - shared_preferences_linux (from `.symlinks/plugins/shared_preferences_linux/ios`)
  - shared_preferences_macos (from `.symlinks/plugins/shared_preferences_macos/ios`)
  - shared_preferences_web (from `.symlinks/plugins/shared_preferences_web/ios`)
  - sqflite (from `.symlinks/plugins/sqflite/ios`)
  - url_launcher (from `.symlinks/plugins/url_launcher/ios`)
  - url_launcher_linux (from `.symlinks/plugins/url_launcher_linux/ios`)
  - url_launcher_macos (from `.symlinks/plugins/url_launcher_macos/ios`)
  - url_launcher_web (from `.symlinks/plugins/url_launcher_web/ios`)
  - vibration (from `.symlinks/plugins/vibration/ios`)
  - webview_flutter (from `.symlinks/plugins/webview_flutter/ios`)

SPEC REPOS:
  trunk:
    - AMap3DMap
    - AMapFoundation
    - FMDB
    - GoogleMobileVision
    - GoogleToolboxForMac
    - GTMSessionFetcher
    - Protobuf

EXTERNAL SOURCES:
  amap_core_fluttify:
    :path: ".symlinks/plugins/amap_core_fluttify/ios"
  amap_map_fluttify:
    :path: ".symlinks/plugins/amap_map_fluttify/ios"
  city_pickers:
    :path: ".symlinks/plugins/city_pickers/ios"
  core_location_fluttify:
    :path: ".symlinks/plugins/core_location_fluttify/ios"
  Flutter:
    :path: Flutter
  flutter_qr_bar_scanner:
    :path: ".symlinks/plugins/flutter_qr_bar_scanner/ios"
  flutter_splash_screen:
    :path: ".symlinks/plugins/flutter_splash_screen/ios"
  flutter_statusbarcolor:
    :path: ".symlinks/plugins/flutter_statusbarcolor/ios"
  foundation_fluttify:
    :path: ".symlinks/plugins/foundation_fluttify/ios"
  native_device_orientation:
    :path: ".symlinks/plugins/native_device_orientation/ios"
  orientation:
    :path: ".symlinks/plugins/orientation/ios"
  path_provider:
    :path: ".symlinks/plugins/path_provider/ios"
  path_provider_linux:
    :path: ".symlinks/plugins/path_provider_linux/ios"
  path_provider_macos:
    :path: ".symlinks/plugins/path_provider_macos/ios"
  permission_handler:
    :path: ".symlinks/plugins/permission_handler/ios"
  qrcode:
    :path: ".symlinks/plugins/qrcode/ios"
  shared_preferences:
    :path: ".symlinks/plugins/shared_preferences/ios"
  shared_preferences_linux:
    :path: ".symlinks/plugins/shared_preferences_linux/ios"
  shared_preferences_macos:
    :path: ".symlinks/plugins/shared_preferences_macos/ios"
  shared_preferences_web:
    :path: ".symlinks/plugins/shared_preferences_web/ios"
  sqflite:
    :path: ".symlinks/plugins/sqflite/ios"
  url_launcher:
    :path: ".symlinks/plugins/url_launcher/ios"
  url_launcher_linux:
    :path: ".symlinks/plugins/url_launcher_linux/ios"
  url_launcher_macos:
    :path: ".symlinks/plugins/url_launcher_macos/ios"
  url_launcher_web:
    :path: ".symlinks/plugins/url_launcher_web/ios"
  vibration:
    :path: ".symlinks/plugins/vibration/ios"
  webview_flutter:
    :path: ".symlinks/plugins/webview_flutter/ios"

SPEC CHECKSUMS:
  AMap3DMap: c80b264f08f179d9b0949b84c65fc1a51dec9d6f
  amap_core_fluttify: bc2e4245c6a6d869727ed16b009a9fa3dbefcf4a
  amap_map_fluttify: 6bd999f53083b7c34d8c566f0178e15be2a1edbc
  AMapFoundation: 9ed923193b357ebb30a073e9fe255d3c24054d5a
  city_pickers: b0370f4c35c201723b5b7fcce10ec29b59d5bc35
  core_location_fluttify: 24cc9dcd986ac7059916632d2cb3babb1568ff61
  Flutter: 0e3d915762c693b495b44d77113d4970485de6ec
  flutter_qr_bar_scanner: 5c0324d036b4db9e5492dc876e6689dc7c38f203
  flutter_splash_screen: 0323a1080aa7853a0f0af4491dc29d034be61746
  flutter_statusbarcolor: 8afb1071ed8c58be929f1e32b36c629771fd2259
  FMDB: 2ce00b547f966261cd18927a3ddb07cb6f3db82a
  foundation_fluttify: 0c45145e3fad1fb99188e4979daed5b24cd9b278
  GoogleMobileVision: 31cfb4319fd0c03d80105680abd9eae9da5e3b47
  GoogleToolboxForMac: 800648f8b3127618c1b59c7f97684427630c5ea3
  GTMSessionFetcher: 6f5c8abbab8a9bce4bb3f057e317728ec6182b10
  native_device_orientation: e24d00be281de72996640885d80e706142707660
  orientation: 6c9203efe86ce4cff379756910f18b2d745628c3
  path_provider: fb74bd0465e96b594bb3b5088ee4a4e7bb1f2a9d
  path_provider_linux: 4d630dc393e1f20364f3e3b4a2ff41d9674a84e4
  path_provider_macos: f760a3c5b04357c380e2fddb6f9db6f3015897e0
  permission_handler: 67637977b227d62d46bfbf524f335f8568de5a73
  Protobuf: 2793fcd0622a00b546c60e7cbbcc493e043e9bb9
  qrcode: 703d52352679d9b4284555e9a09c2157062f1989
  shared_preferences: af6bfa751691cdc24be3045c43ec037377ada40d
  shared_preferences_linux: afefbfe8d921e207f01ede8b60373d9e3b566b78
  shared_preferences_macos: f3f29b71ccbb56bf40c9dd6396c9acf15e214087
  shared_preferences_web: 141cce0c3ed1a1c5bf2a0e44f52d31eeb66e5ea9
  sqflite: 4001a31ff81d210346b500c55b17f4d6c7589dd0
  url_launcher: 6fef411d543ceb26efce54b05a0a40bfd74cbbef
  url_launcher_linux: ac237cb7a8058736e4aae38bdbcc748a4b394cc0
  url_launcher_macos: fd7894421cd39320dce5f292fc99ea9270b2a313
  url_launcher_web: e5527357f037c87560776e36436bf2b0288b965c
  vibration: 2275f5e3ab5da73de1d948dc96c026799e08ff6d
  webview_flutter: d2b4d6c66968ad042ad94cbb791f5b72b4678a96

PODFILE CHECKSUM: 1b66dae606f75376c5f2135a8290850eeb09ae83

COCOAPODS: 1.9.1
